
Microsoft Visual Studio Solution File, Format Version 12.00
# Visual Studio Version 17
VisualStudioVersion = 17.14.36203.30
MinimumVisualStudioVersion = 10.0.40219.1
Project("{FAE04EC0-301F-11D3-BF4B-00C04F79EFBC}") = "ProyectoOvoMarket", "ProyectoOvoMarket\ProyectoOvoMarket.csproj", "{7E8C1293-C84A-47C0-A332-C5DF0D934A5D}"
EndProject
Project("{2150E333-8FDC-42A3-9474-1A3956D46DE8}") = "docs", "docs", "{02EA681E-C7D8-13C7-8484-4AC65E1B71E8}"
	ProjectSection(SolutionItems) = preProject
		ProyectoOvoMarket\Estilos.css = ProyectoOvoMarket\Estilos.css
		ProyectoOvoMarket\Index.aspx = ProyectoOvoMarket\Index.aspx
		ProyectoOvoMarket\Index.aspx.cs = ProyectoOvoMarket\Index.aspx.cs
		ProyectoOvoMarket\Index.aspx.designer.cs = ProyectoOvoMarket\Index.aspx.designer.cs
	EndProjectSection
EndProject
Global
	GlobalSection(SolutionConfigurationPlatforms) = preSolution
		Debug|Any CPU = Debug|Any CPU
		Release|Any CPU = Release|Any CPU
	EndGlobalSection
	GlobalSection(ProjectConfigurationPlatforms) = postSolution
		{7E8C1293-C84A-47C0-A332-C5DF0D934A5D}.Debug|Any CPU.ActiveCfg = Debug|Any CPU
		{7E8C1293-C84A-47C0-A332-C5DF0D934A5D}.Debug|Any CPU.Build.0 = Debug|Any CPU
		{7E8C1293-C84A-47C0-A332-C5DF0D934A5D}.Release|Any CPU.ActiveCfg = Release|Any CPU
		{7E8C1293-C84A-47C0-A332-C5DF0D934A5D}.Release|Any CPU.Build.0 = Release|Any CPU
	EndGlobalSection
	GlobalSection(SolutionProperties) = preSolution
		HideSolutionNode = FALSE
	EndGlobalSection
	GlobalSection(ExtensibilityGlobals) = postSolution
		SolutionGuid = {8E873509-007C-46D1-BE0D-18C0F3AC23FD}
	EndGlobalSection
EndGlobal
